// !$*UTF8*$!
{
	archiveVersion = 1;
	classes = {
	};
	objectVersion = 55;
	objects = {

/* Begin PBXBuildFile section */
		F402C615288A6ED2002C7FB2 /* NewAnnoucementView .swift in Sources */ = {isa = PBXBuildFile; fileRef = F402C614288A6ED2002C7FB2 /* NewAnnoucementView .swift */; };
		F402C617288A7ACA002C7FB2 /* AnnoucementDetailView.swift in Sources */ = {isa = PBXBuildFile; fileRef = F402C616288A7ACA002C7FB2 /* AnnoucementDetailView.swift */; };
		F402C61B288AA58C002C7FB2 /* AnnouncementData.swift in Sources */ = {isa = PBXBuildFile; fileRef = F402C61A288AA58C002C7FB2 /* AnnouncementData.swift */; };
		F45F5E102889706F00700C65 /* FBPNApp.swift in Sources */ = {isa = PBXBuildFile; fileRef = F45F5E0F2889706F00700C65 /* FBPNApp.swift */; };
		F45F5E142889707000700C65 /* Assets.xcassets in Resources */ = {isa = PBXBuildFile; fileRef = F45F5E132889707000700C65 /* Assets.xcassets */; };
		F45F5E172889707000700C65 /* Preview Assets.xcassets in Resources */ = {isa = PBXBuildFile; fileRef = F45F5E162889707000700C65 /* Preview Assets.xcassets */; };
		F45F5E212889707000700C65 /* FBPNTests.swift in Sources */ = {isa = PBXBuildFile; fileRef = F45F5E202889707000700C65 /* FBPNTests.swift */; };
		F45F5E2B2889707000700C65 /* FBPNUITests.swift in Sources */ = {isa = PBXBuildFile; fileRef = F45F5E2A2889707000700C65 /* FBPNUITests.swift */; };
		F45F5E2D2889707000700C65 /* FBPNUITestsLaunchTests.swift in Sources */ = {isa = PBXBuildFile; fileRef = F45F5E2C2889707000700C65 /* FBPNUITestsLaunchTests.swift */; };
		F45F5E3B2889778200700C65 /* FirebaseAnalytics in Frameworks */ = {isa = PBXBuildFile; productRef = F45F5E3A2889778200700C65 /* FirebaseAnalytics */; };
		F45F5E3D2889778200700C65 /* FirebaseMessaging in Frameworks */ = {isa = PBXBuildFile; productRef = F45F5E3C2889778200700C65 /* FirebaseMessaging */; };
		F45F5E3F28897C1600700C65 /* Main.swift in Sources */ = {isa = PBXBuildFile; fileRef = F45F5E3E28897C1600700C65 /* Main.swift */; };
		F4934C71288BE86100C3FAEE /* halfSheet.swift in Sources */ = {isa = PBXBuildFile; fileRef = F4934C70288BE86100C3FAEE /* halfSheet.swift */; };
/* End PBXBuildFile section */

/* Begin PBXContainerItemProxy section */
		F45F5E1D2889707000700C65 /* PBXContainerItemProxy */ = {
			isa = PBXContainerItemProxy;
			containerPortal = F45F5E042889706F00700C65 /* Project object */;
			proxyType = 1;
			remoteGlobalIDString = F45F5E0B2889706F00700C65;
			remoteInfo = FBPN;
		};
		F45F5E272889707000700C65 /* PBXContainerItemProxy */ = {
			isa = PBXContainerItemProxy;
			containerPortal = F45F5E042889706F00700C65 /* Project object */;
			proxyType = 1;
			remoteGlobalIDString = F45F5E0B2889706F00700C65;
			remoteInfo = FBPN;
		};
/* End PBXContainerItemProxy section */

/* Begin PBXFileReference section */
		F402C614288A6ED2002C7FB2 /* NewAnnoucementView .swift */ = {isa = PBXFileReference; lastKnownFileType = sourcecode.swift; path = "NewAnnoucementView .swift"; sourceTree = "<group>"; };
		F402C616288A7ACA002C7FB2 /* AnnoucementDetailView.swift */ = {isa = PBXFileReference; lastKnownFileType = sourcecode.swift; path = AnnoucementDetailView.swift; sourceTree = "<group>"; };
		F402C61A288AA58C002C7FB2 /* AnnouncementData.swift */ = {isa = PBXFileReference; lastKnownFileType = sourcecode.swift; path = AnnouncementData.swift; sourceTree = "<group>"; };
		F45F5E0C2889706F00700C65 /* FBPN.app */ = {isa = PBXFileReference; explicitFileType = wrapper.application; includeInIndex = 0; path = FBPN.app; sourceTree = BUILT_PRODUCTS_DIR; };
		F45F5E0F2889706F00700C65 /* FBPNApp.swift */ = {isa = PBXFileReference; lastKnownFileType = sourcecode.swift; path = FBPNApp.swift; sourceTree = "<group>"; };
		F45F5E132889707000700C65 /* Assets.xcassets */ = {isa = PBXFileReference; lastKnownFileType = folder.assetcatalog; path = Assets.xcassets; sourceTree = "<group>"; };
		F45F5E162889707000700C65 /* Preview Assets.xcassets */ = {isa = PBXFileReference; lastKnownFileType = folder.assetcatalog; path = "Preview Assets.xcassets"; sourceTree = "<group>"; };
		F45F5E1C2889707000700C65 /* FBPNTests.xctest */ = {isa = PBXFileReference; explicitFileType = wrapper.cfbundle; includeInIndex = 0; path = FBPNTests.xctest; sourceTree = BUILT_PRODUCTS_DIR; };
		F45F5E202889707000700C65 /* FBPNTests.swift */ = {isa = PBXFileReference; lastKnownFileType = sourcecode.swift; path = FBPNTests.swift; sourceTree = "<group>"; };
		F45F5E262889707000700C65 /* FBPNUITests.xctest */ = {isa = PBXFileReference; explicitFileType = wrapper.cfbundle; includeInIndex = 0; path = FBPNUITests.xctest; sourceTree = BUILT_PRODUCTS_DIR; };
		F45F5E2A2889707000700C65 /* FBPNUITests.swift */ = {isa = PBXFileReference; lastKnownFileType = sourcecode.swift; path = FBPNUITests.swift; sourceTree = "<group>"; };
		F45F5E2C2889707000700C65 /* FBPNUITestsLaunchTests.swift */ = {isa = PBXFileReference; lastKnownFileType = sourcecode.swift; path = FBPNUITestsLaunchTests.swift; sourceTree = "<group>"; };
		F45F5E3E28897C1600700C65 /* Main.swift */ = {isa = PBXFileReference; lastKnownFileType = sourcecode.swift; path = Main.swift; sourceTree = "<group>"; };
		F4934C70288BE86100C3FAEE /* halfSheet.swift */ = {isa = PBXFileReference; lastKnownFileType = sourcecode.swift; path = halfSheet.swift; sourceTree = "<group>"; };
/* End PBXFileReference section */

/* Begin PBXFrameworksBuildPhase section */
		F45F5E092889706F00700C65 /* Frameworks */ = {
			isa = PBXFrameworksBuildPhase;
			buildActionMask = 2147483647;
			files = (
				F45F5E3D2889778200700C65 /* FirebaseMessaging in Frameworks */,
				F45F5E3B2889778200700C65 /* FirebaseAnalytics in Frameworks */,
			);
			runOnlyForDeploymentPostprocessing = 0;
		};
		F45F5E192889707000700C65 /* Frameworks */ = {
			isa = PBXFrameworksBuildPhase;
			buildActionMask = 2147483647;
			files = (
			);
			runOnlyForDeploymentPostprocessing = 0;
		};
		F45F5E232889707000700C65 /* Frameworks */ = {
			isa = PBXFrameworksBuildPhase;
			buildActionMask = 2147483647;
			files = (
			);
			runOnlyForDeploymentPostprocessing = 0;
		};
/* End PBXFrameworksBuildPhase section */

/* Begin PBXGroup section */
		F45F5E032889706F00700C65 = {
			isa = PBXGroup;
			children = (
				F45F5E0E2889706F00700C65 /* FBPN */,
				F45F5E1F2889707000700C65 /* FBPNTests */,
				F45F5E292889707000700C65 /* FBPNUITests */,
				F45F5E0D2889706F00700C65 /* Products */,
			);
			sourceTree = "<group>";
		};
		F45F5E0D2889706F00700C65 /* Products */ = {
			isa = PBXGroup;
			children = (
				F45F5E0C2889706F00700C65 /* FBPN.app */,
				F45F5E1C2889707000700C65 /* FBPNTests.xctest */,
				F45F5E262889707000700C65 /* FBPNUITests.xctest */,
			);
			name = Products;
			sourceTree = "<group>";
		};
		F45F5E0E2889706F00700C65 /* FBPN */ = {
			isa = PBXGroup;
			children = (
				F45F5E0F2889706F00700C65 /* FBPNApp.swift */,
				F402C61A288AA58C002C7FB2 /* AnnouncementData.swift */,
				F45F5E3E28897C1600700C65 /* Main.swift */,
				F402C614288A6ED2002C7FB2 /* NewAnnoucementView .swift */,
				F402C616288A7ACA002C7FB2 /* AnnoucementDetailView.swift */,
				F4934C70288BE86100C3FAEE /* halfSheet.swift */,
				F45F5E132889707000700C65 /* Assets.xcassets */,
				F45F5E152889707000700C65 /* Preview Content */,
			);
			path = FBPN;
			sourceTree = "<group>";
		};
		F45F5E152889707000700C65 /* Preview Content */ = {
			isa = PBXGroup;
			children = (
				F45F5E162889707000700C65 /* Preview Assets.xcassets */,
			);
			path = "Preview Content";
			sourceTree = "<group>";
		};
		F45F5E1F2889707000700C65 /* FBPNTests */ = {
			isa = PBXGroup;
			children = (
				F45F5E202889707000700C65 /* FBPNTests.swift */,
			);
			path = FBPNTests;
			sourceTree = "<group>";
		};
		F45F5E292889707000700C65 /* FBPNUITests */ = {
			isa = PBXGroup;
			children = (
				F45F5E2A2889707000700C65 /* FBPNUITests.swift */,
				F45F5E2C2889707000700C65 /* FBPNUITestsLaunchTests.swift */,
			);
			path = FBPNUITests;
			sourceTree = "<group>";
		};
/* End PBXGroup section */

/* Begin PBXNativeTarget section */
		F45F5E0B2889706F00700C65 /* FBPN */ = {
			isa = PBXNativeTarget;
			buildConfigurationList = F45F5E302889707000700C65 /* Build configuration list for PBXNativeTarget "FBPN" */;
			buildPhases = (
				F45F5E082889706F00700C65 /* Sources */,
				F45F5E092889706F00700C65 /* Frameworks */,
				F45F5E0A2889706F00700C65 /* Resources */,
			);
			buildRules = (
			);
			dependencies = (
			);
			name = FBPN;
			packageProductDependencies = (
				F45F5E3A2889778200700C65 /* FirebaseAnalytics */,
				F45F5E3C2889778200700C65 /* FirebaseMessaging */,
			);
			productName = FBPN;
			productReference = F45F5E0C2889706F00700C65 /* FBPN.app */;
			productType = "com.apple.product-type.application";
		};
		F45F5E1B2889707000700C65 /* FBPNTests */ = {
			isa = PBXNativeTarget;
			buildConfigurationList = F45F5E332889707000700C65 /* Build configuration list for PBXNativeTarget "FBPNTests" */;
			buildPhases = (
				F45F5E182889707000700C65 /* Sources */,
				F45F5E192889707000700C65 /* Frameworks */,
				F45F5E1A2889707000700C65 /* Resources */,
			);
			buildRules = (
			);
			dependencies = (
				F45F5E1E2889707000700C65 /* PBXTargetDependency */,
			);
			name = FBPNTests;
			productName = FBPNTests;
			productReference = F45F5E1C2889707000700C65 /* FBPNTests.xctest */;
			productType = "com.apple.product-type.bundle.unit-test";
		};
		F45F5E252889707000700C65 /* FBPNUITests */ = {
			isa = PBXNativeTarget;
			buildConfigurationList = F45F5E362889707000700C65 /* Build configuration list for PBXNativeTarget "FBPNUITests" */;
			buildPhases = (
				F45F5E222889707000700C65 /* Sources */,
				F45F5E232889707000700C65 /* Frameworks */,
				F45F5E242889707000700C65 /* Resources */,
			);
			buildRules = (
			);
			dependencies = (
				F45F5E282889707000700C65 /* PBXTargetDependency */,
			);
			name = FBPNUITests;
			productName = FBPNUITests;
			productReference = F45F5E262889707000700C65 /* FBPNUITests.xctest */;
			productType = "com.apple.product-type.bundle.ui-testing";
		};
/* End PBXNativeTarget section */

/* Begin PBXProject section */
		F45F5E042889706F00700C65 /* Project object */ = {
			isa = PBXProject;
			attributes = {
				BuildIndependentTargetsInParallel = 1;
				LastSwiftUpdateCheck = 1340;
				LastUpgradeCheck = 1340;
				TargetAttributes = {
					F45F5E0B2889706F00700C65 = {
						CreatedOnToolsVersion = 13.4.1;
					};
					F45F5E1B2889707000700C65 = {
						CreatedOnToolsVersion = 13.4.1;
						TestTargetID = F45F5E0B2889706F00700C65;
					};
					F45F5E252889707000700C65 = {
						CreatedOnToolsVersion = 13.4.1;
						TestTargetID = F45F5E0B2889706F00700C65;
					};
				};
			};
			buildConfigurationList = F45F5E072889706F00700C65 /* Build configuration list for PBXProject "FBPN" */;
			compatibilityVersion = "Xcode 13.0";
			developmentRegion = en;
			hasScannedForEncodings = 0;
			knownRegions = (
				en,
				Base,
			);
			mainGroup = F45F5E032889706F00700C65;
			packageReferences = (
				F45F5E392889778200700C65 /* XCRemoteSwiftPackageReference "firebase-ios-sdk" */,
			);
			productRefGroup = F45F5E0D2889706F00700C65 /* Products */;
			projectDirPath = "";
			projectRoot = "";
			targets = (
				F45F5E0B2889706F00700C65 /* FBPN */,
				F45F5E1B2889707000700C65 /* FBPNTests */,
				F45F5E252889707000700C65 /* FBPNUITests */,
			);
		};
/* End PBXProject section */

/* Begin PBXResourcesBuildPhase section */
		F45F5E0A2889706F00700C65 /* Resources */ = {
			isa = PBXResourcesBuildPhase;
			buildActionMask = 2147483647;
			files = (
				F45F5E172889707000700C65 /* Preview Assets.xcassets in Resources */,
				F45F5E142889707000700C65 /* Assets.xcassets in Resources */,
			);
			runOnlyForDeploymentPostprocessing = 0;
		};
		F45F5E1A2889707000700C65 /* Resources */ = {
			isa = PBXResourcesBuildPhase;
			buildActionMask = 2147483647;
			files = (
			);
			runOnlyForDeploymentPostprocessing = 0;
		};
		F45F5E242889707000700C65 /* Resources */ = {
			isa = PBXResourcesBuildPhase;
			buildActionMask = 2147483647;
			files = (
			);
			runOnlyForDeploymentPostprocessing = 0;
		};
/* End PBXResourcesBuildPhase section */

/* Begin PBXSourcesBuildPhase section */
		F45F5E082889706F00700C65 /* Sources */ = {
			isa = PBXSourcesBuildPhase;
			buildActionMask = 2147483647;
			files = (
				F402C61B288AA58C002C7FB2 /* AnnouncementData.swift in Sources */,
				F45F5E3F28897C1600700C65 /* Main.swift in Sources */,
				F402C617288A7ACA002C7FB2 /* AnnoucementDetailView.swift in Sources */,
				F402C615288A6ED2002C7FB2 /* NewAnnoucementView .swift in Sources */,
				F4934C71288BE86100C3FAEE /* halfSheet.swift in Sources */,
				F45F5E102889706F00700C65 /* FBPNApp.swift in Sources */,
			);
			runOnlyForDeploymentPostprocessing = 0;
		};
		F45F5E182889707000700C65 /* Sources */ = {
			isa = PBXSourcesBuildPhase;
			buildActionMask = 2147483647;
			files = (
				F45F5E212889707000700C65 /* FBPNTests.swift in Sources */,
			);
			runOnlyForDeploymentPostprocessing = 0;
		};
		F45F5E222889707000700C65 /* Sources */ = {
			isa = PBXSourcesBuildPhase;
			buildActionMask = 2147483647;
			files = (
				F45F5E2D2889707000700C65 /* FBPNUITestsLaunchTests.swift in Sources */,
				F45F5E2B2889707000700C65 /* FBPNUITests.swift in Sources */,
			);
			runOnlyForDeploymentPostprocessing = 0;
		};
/* End PBXSourcesBuildPhase section */

/* Begin PBXTargetDependency section */
		F45F5E1E2889707000700C65 /* PBXTargetDependency */ = {
			isa = PBXTargetDependency;
			target = F45F5E0B2889706F00700C65 /* FBPN */;
			targetProxy = F45F5E1D2889707000700C65 /* PBXContainerItemProxy */;
		};
		F45F5E282889707000700C65 /* PBXTargetDependency */ = {
			isa = PBXTargetDependency;
			target = F45F5E0B2889706F00700C65 /* FBPN */;
			targetProxy = F45F5E272889707000700C65 /* PBXContainerItemProxy */;
		};
/* End PBXTargetDependency section */

/* Begin XCBuildConfiguration section */
		F45F5E2E2889707000700C65 /* Debug */ = {
			isa = XCBuildConfiguration;
			buildSettings = {
				ALWAYS_SEARCH_USER_PATHS = NO;
				CLANG_ANALYZER_NONNULL = YES;
				CLANG_ANALYZER_NUMBER_OBJECT_CONVERSION = YES_AGGRESSIVE;
				CLANG_CXX_LANGUAGE_STANDARD = "gnu++17";
				CLANG_ENABLE_MODULES = YES;
				CLANG_ENABLE_OBJC_ARC = YES;
				CLANG_ENABLE_OBJC_WEAK = YES;
				CLANG_WARN_BLOCK_CAPTURE_AUTORELEASING = YES;
				CLANG_WARN_BOOL_CONVERSION = YES;
				CLANG_WARN_COMMA = YES;
				CLANG_WARN_CONSTANT_CONVERSION = YES;
				CLANG_WARN_DEPRECATED_OBJC_IMPLEMENTATIONS = YES;
				CLANG_WARN_DIRECT_OBJC_ISA_USAGE = YES_ERROR;
				CLANG_WARN_DOCUMENTATION_COMMENTS = YES;
				CLANG_WARN_EMPTY_BODY = YES;
				CLANG_WARN_ENUM_CONVERSION = YES;
				CLANG_WARN_INFINITE_RECURSION = YES;
				CLANG_WARN_INT_CONVERSION = YES;
				CLANG_WARN_NON_LITERAL_NULL_CONVERSION = YES;
				CLANG_WARN_OBJC_IMPLICIT_RETAIN_SELF = YES;
				CLANG_WARN_OBJC_LITERAL_CONVERSION = YES;
				CLANG_WARN_OBJC_ROOT_CLASS = YES_ERROR;
				CLANG_WARN_QUOTED_INCLUDE_IN_FRAMEWORK_HEADER = YES;
				CLANG_WARN_RANGE_LOOP_ANALYSIS = YES;
				CLANG_WARN_STRICT_PROTOTYPES = YES;
				CLANG_WARN_SUSPICIOUS_MOVE = YES;
				CLANG_WARN_UNGUARDED_AVAILABILITY = YES_AGGRESSIVE;
				CLANG_WARN_UNREACHABLE_CODE = YES;
				CLANG_WARN__DUPLICATE_METHOD_MATCH = YES;
				COPY_PHASE_STRIP = NO;
				DEBUG_INFORMATION_FORMAT = dwarf;
				ENABLE_STRICT_OBJC_MSGSEND = YES;
				ENABLE_TESTABILITY = YES;
				GCC_C_LANGUAGE_STANDARD = gnu11;
				GCC_DYNAMIC_NO_PIC = NO;
				GCC_NO_COMMON_BLOCKS = YES;
				GCC_OPTIMIZATION_LEVEL = 0;
				GCC_PREPROCESSOR_DEFINITIONS = (
					"DEBUG=1",
					"$(inherited)",
				);
				GCC_WARN_64_TO_32_BIT_CONVERSION = YES;
				GCC_WARN_ABOUT_RETURN_TYPE = YES_ERROR;
				GCC_WARN_UNDECLARED_SELECTOR = YES;
				GCC_WARN_UNINITIALIZED_AUTOS = YES_AGGRESSIVE;
				GCC_WARN_UNUSED_FUNCTION = YES;
				GCC_WARN_UNUSED_VARIABLE = YES;
				IPHONEOS_DEPLOYMENT_TARGET = 15.5;
				MTL_ENABLE_DEBUG_INFO = INCLUDE_SOURCE;
				MTL_FAST_MATH = YES;
				ONLY_ACTIVE_ARCH = YES;
				SDKROOT = iphoneos;
				SWIFT_ACTIVE_COMPILATION_CONDITIONS = DEBUG;
				SWIFT_OPTIMIZATION_LEVEL = "-Onone";
			};
			name = Debug;
		};
		F45F5E2F2889707000700C65 /* Release */ = {
			isa = XCBuildConfiguration;
			buildSettings = {
				ALWAYS_SEARCH_USER_PATHS = NO;
				CLANG_ANALYZER_NONNULL = YES;
				CLANG_ANALYZER_NUMBER_OBJECT_CONVERSION = YES_AGGRESSIVE;
				CLANG_CXX_LANGUAGE_STANDARD = "gnu++17";
				CLANG_ENABLE_MODULES = YES;
				CLANG_ENABLE_OBJC_ARC = YES;
				CLANG_ENABLE_OBJC_WEAK = YES;
				CLANG_WARN_BLOCK_CAPTURE_AUTORELEASING = YES;
				CLANG_WARN_BOOL_CONVERSION = YES;
				CLANG_WARN_COMMA = YES;
				CLANG_WARN_CONSTANT_CONVERSION = YES;
				CLANG_WARN_DEPRECATED_OBJC_IMPLEMENTATIONS = YES;
				CLANG_WARN_DIRECT_OBJC_ISA_USAGE = YES_ERROR;
				CLANG_WARN_DOCUMENTATION_COMMENTS = YES;
				CLANG_WARN_EMPTY_BODY = YES;
				CLANG_WARN_ENUM_CONVERSION = YES;
				CLANG_WARN_INFINITE_RECURSION = YES;
				CLANG_WARN_INT_CONVERSION = YES;
				CLANG_WARN_NON_LITERAL_NULL_CONVERSION = YES;
				CLANG_WARN_OBJC_IMPLICIT_RETAIN_SELF = YES;
				CLANG_WARN_OBJC_LITERAL_CONVERSION = YES;
				CLANG_WARN_OBJC_ROOT_CLASS = YES_ERROR;
				CLANG_WARN_QUOTED_INCLUDE_IN_FRAMEWORK_HEADER = YES;
				CLANG_WARN_RANGE_LOOP_ANALYSIS = YES;
				CLANG_WARN_STRICT_PROTOTYPES = YES;
				CLANG_WARN_SUSPICIOUS_MOVE = YES;
				CLANG_WARN_UNGUARDED_AVAILABILITY = YES_AGGRESSIVE;
				CLANG_WARN_UNREACHABLE_CODE = YES;
				CLANG_WARN__DUPLICATE_METHOD_MATCH = YES;
				COPY_PHASE_STRIP = NO;
				DEBUG_INFORMATION_FORMAT = "dwarf-with-dsym";
				ENABLE_NS_ASSERTIONS = NO;
				ENABLE_STRICT_OBJC_MSGSEND = YES;
				GCC_C_LANGUAGE_STANDARD = gnu11;
				GCC_NO_COMMON_BLOCKS = YES;
				GCC_WARN_64_TO_32_BIT_CONVERSION = YES;
				GCC_WARN_ABOUT_RETURN_TYPE = YES_ERROR;
				GCC_WARN_UNDECLARED_SELECTOR = YES;
				GCC_WARN_UNINITIALIZED_AUTOS = YES_AGGRESSIVE;
				GCC_WARN_UNUSED_FUNCTION = YES;
				GCC_WARN_UNUSED_VARIABLE = YES;
				IPHONEOS_DEPLOYMENT_TARGET = 15.5;
				MTL_ENABLE_DEBUG_INFO = NO;
				MTL_FAST_MATH = YES;
				SDKROOT = iphoneos;
				SWIFT_COMPILATION_MODE = wholemodule;
				SWIFT_OPTIMIZATION_LEVEL = "-O";
				VALIDATE_PRODUCT = YES;
			};
			name = Release;
		};
		F45F5E312889707000700C65 /* Debug */ = {
			isa = XCBuildConfiguration;
			buildSettings = {
				ASSETCATALOG_COMPILER_APPICON_NAME = AppIcon;
				ASSETCATALOG_COMPILER_GLOBAL_ACCENT_COLOR_NAME = AccentColor;
				CODE_SIGN_STYLE = Automatic;
				CURRENT_PROJECT_VERSION = 1;
				DEVELOPMENT_ASSET_PATHS = "\"FBPN/Preview Content\"";
				DEVELOPMENT_TEAM = K94TQ5Q9AL;
				ENABLE_PREVIEWS = YES;
				GENERATE_INFOPLIST_FILE = YES;
				INFOPLIST_KEY_UIApplicationSceneManifest_Generation = YES;
				INFOPLIST_KEY_UIApplicationSupportsIndirectInputEvents = YES;
				INFOPLIST_KEY_UILaunchScreen_Generation = YES;
				INFOPLIST_KEY_UISupportedInterfaceOrientations_iPad = "UIInterfaceOrientationPortrait UIInterfaceOrientationPortraitUpsideDown UIInterfaceOrientationLandscapeLeft UIInterfaceOrientationLandscapeRight";
				INFOPLIST_KEY_UISupportedInterfaceOrientations_iPhone = "UIInterfaceOrientationPortrait UIInterfaceOrientationLandscapeLeft UIInterfaceOrientationLandscapeRight";
				LD_RUNPATH_SEARCH_PATHS = (
					"$(inherited)",
					"@executable_path/Frameworks",
				);
				MARKETING_VERSION = 1.0;
				PRODUCT_BUNDLE_IDENTIFIER = fbtg.FBPN;
				PRODUCT_NAME = "$(TARGET_NAME)";
				SWIFT_EMIT_LOC_STRINGS = YES;
				SWIFT_VERSION = 5.0;
				TARGETED_DEVICE_FAMILY = "1,2";
			};
			name = Debug;
		};
		F45F5E322889707000700C65 /* Release */ = {
			isa = XCBuildConfiguration;
			buildSettings = {
				ASSETCATALOG_COMPILER_APPICON_NAME = AppIcon;
				ASSETCATALOG_COMPILER_GLOBAL_ACCENT_COLOR_NAME = AccentColor;
				CODE_SIGN_STYLE = Automatic;
				CURRENT_PROJECT_VERSION = 1;
				DEVELOPMENT_ASSET_PATHS = "\"FBPN/Preview Content\"";
				DEVELOPMENT_TEAM = K94TQ5Q9AL;
				ENABLE_PREVIEWS = YES;
				GENERATE_INFOPLIST_FILE = YES;
				INFOPLIST_KEY_UIApplicationSceneManifest_Generation = YES;
				INFOPLIST_KEY_UIApplicationSupportsIndirectInputEvents = YES;
				INFOPLIST_KEY_UILaunchScreen_Generation = YES;
				INFOPLIST_KEY_UISupportedInterfaceOrientations_iPad = "UIInterfaceOrientationPortrait UIInterfaceOrientationPortraitUpsideDown UIInterfaceOrientationLandscapeLeft UIInterfaceOrientationLandscapeRight";
				INFOPLIST_KEY_UISupportedInterfaceOrientations_iPhone = "UIInterfaceOrientationPortrait UIInterfaceOrientationLandscapeLeft UIInterfaceOrientationLandscapeRight";
				LD_RUNPATH_SEARCH_PATHS = (
					"$(inherited)",
					"@executable_path/Frameworks",
				);
				MARKETING_VERSION = 1.0;
				PRODUCT_BUNDLE_IDENTIFIER = fbtg.FBPN;
				PRODUCT_NAME = "$(TARGET_NAME)";
				SWIFT_EMIT_LOC_STRINGS = YES;
				SWIFT_VERSION = 5.0;
				TARGETED_DEVICE_FAMILY = "1,2";
			};
			name = Release;
		};
		F45F5E342889707000700C65 /* Debug */ = {
			isa = XCBuildConfiguration;
			buildSettings = {
				ALWAYS_EMBED_SWIFT_STANDARD_LIBRARIES = YES;
				BUNDLE_LOADER = "$(TEST_HOST)";
				CODE_SIGN_STYLE = Automatic;
				CURRENT_PROJECT_VERSION = 1;
				DEVELOPMENT_TEAM = K94TQ5Q9AL;
				GENERATE_INFOPLIST_FILE = YES;
				IPHONEOS_DEPLOYMENT_TARGET = 15.5;
				MARKETING_VERSION = 1.0;
				PRODUCT_BUNDLE_IDENTIFIER = fbtg.FBPNTests;
				PRODUCT_NAME = "$(TARGET_NAME)";
				SWIFT_EMIT_LOC_STRINGS = NO;
				SWIFT_VERSION = 5.0;
				TARGETED_DEVICE_FAMILY = "1,2";
				TEST_HOST = "$(BUILT_PRODUCTS_DIR)/FBPN.app/FBPN";
			};
			name = Debug;
		};
		F45F5E352889707000700C65 /* Release */ = {
			isa = XCBuildConfiguration;
			buildSettings = {
				ALWAYS_EMBED_SWIFT_STANDARD_LIBRARIES = YES;
				BUNDLE_LOADER = "$(TEST_HOST)";
				CODE_SIGN_STYLE = Automatic;
				CURRENT_PROJECT_VERSION = 1;
				DEVELOPMENT_TEAM = K94TQ5Q9AL;
				GENERATE_INFOPLIST_FILE = YES;
				IPHONEOS_DEPLOYMENT_TARGET = 15.5;
				MARKETING_VERSION = 1.0;
				PRODUCT_BUNDLE_IDENTIFIER = fbtg.FBPNTests;
				PRODUCT_NAME = "$(TARGET_NAME)";
				SWIFT_EMIT_LOC_STRINGS = NO;
				SWIFT_VERSION = 5.0;
				TARGETED_DEVICE_FAMILY = "1,2";
				TEST_HOST = "$(BUILT_PRODUCTS_DIR)/FBPN.app/FBPN";
			};
			name = Release;
		};
		F45F5E372889707000700C65 /* Debug */ = {
			isa = XCBuildConfiguration;
			buildSettings = {
				ALWAYS_EMBED_SWIFT_STANDARD_LIBRARIES = YES;
				CODE_SIGN_STYLE = Automatic;
				CURRENT_PROJECT_VERSION = 1;
				DEVELOPMENT_TEAM = K94TQ5Q9AL;
				GENERATE_INFOPLIST_FILE = YES;
				MARKETING_VERSION = 1.0;
				PRODUCT_BUNDLE_IDENTIFIER = fbtg.FBPNUITests;
				PRODUCT_NAME = "$(TARGET_NAME)";
				SWIFT_EMIT_LOC_STRINGS = NO;
				SWIFT_VERSION = 5.0;
				TARGETED_DEVICE_FAMILY = "1,2";
				TEST_TARGET_NAME = FBPN;
			};
			name = Debug;
		};
		F45F5E382889707000700C65 /* Release */ = {
			isa = XCBuildConfiguration;
			buildSettings = {
				ALWAYS_EMBED_SWIFT_STANDARD_LIBRARIES = YES;
				CODE_SIGN_STYLE = Automatic;
				CURRENT_PROJECT_VERSION = 1;
				DEVELOPMENT_TEAM = K94TQ5Q9AL;
				GENERATE_INFOPLIST_FILE = YES;
				MARKETING_VERSION = 1.0;
				PRODUCT_BUNDLE_IDENTIFIER = fbtg.FBPNUITests;
				PRODUCT_NAME = "$(TARGET_NAME)";
				SWIFT_EMIT_LOC_STRINGS = NO;
				SWIFT_VERSION = 5.0;
				TARGETED_DEVICE_FAMILY = "1,2";
				TEST_TARGET_NAME = FBPN;
			};
			name = Release;
		};
/* End XCBuildConfiguration section */

/* Begin XCConfigurationList section */
		F45F5E072889706F00700C65 /* Build configuration list for PBXProject "FBPN" */ = {
			isa = XCConfigurationList;
			buildConfigurations = (
				F45F5E2E2889707000700C65 /* Debug */,
				F45F5E2F2889707000700C65 /* Release */,
			);
			defaultConfigurationIsVisible = 0;
			defaultConfigurationName = Release;
		};
		F45F5E302889707000700C65 /* Build configuration list for PBXNativeTarget "FBPN" */ = {
			isa = XCConfigurationList;
			buildConfigurations = (
				F45F5E312889707000700C65 /* Debug */,
				F45F5E322889707000700C65 /* Release */,
			);
			defaultConfigurationIsVisible = 0;
			defaultConfigurationName = Release;
		};
		F45F5E332889707000700C65 /* Build configuration list for PBXNativeTarget "FBPNTests" */ = {
			isa = XCConfigurationList;
			buildConfigurations = (
				F45F5E342889707000700C65 /* Debug */,
				F45F5E352889707000700C65 /* Release */,
			);
			defaultConfigurationIsVisible = 0;
			defaultConfigurationName = Release;
		};
		F45F5E362889707000700C65 /* Build configuration list for PBXNativeTarget "FBPNUITests" */ = {
			isa = XCConfigurationList;
			buildConfigurations = (
				F45F5E372889707000700C65 /* Debug */,
				F45F5E382889707000700C65 /* Release */,
			);
			defaultConfigurationIsVisible = 0;
			defaultConfigurationName = Release;
		};
/* End XCConfigurationList section */

/* Begin XCRemoteSwiftPackageReference section */
		F45F5E392889778200700C65 /* XCRemoteSwiftPackageReference "firebase-ios-sdk" */ = {
			isa = XCRemoteSwiftPackageReference;
			repositoryURL = "https://github.com/firebase/firebase-ios-sdk.git";
			requirement = {
				kind = upToNextMajorVersion;
				minimumVersion = 9.0.0;
			};
		};
/* End XCRemoteSwiftPackageReference section */

/* Begin XCSwiftPackageProductDependency section */
		F45F5E3A2889778200700C65 /* FirebaseAnalytics */ = {
			isa = XCSwiftPackageProductDependency;
			package = F45F5E392889778200700C65 /* XCRemoteSwiftPackageReference "firebase-ios-sdk" */;
			productName = FirebaseAnalytics;
		};
		F45F5E3C2889778200700C65 /* FirebaseMessaging */ = {
			isa = XCSwiftPackageProductDependency;
			package = F45F5E392889778200700C65 /* XCRemoteSwiftPackageReference "firebase-ios-sdk" */;
			productName = FirebaseMessaging;
		};
/* End XCSwiftPackageProductDependency section */
	};
	rootObject = F45F5E042889706F00700C65 /* Project object */;
}
